<?xml version="1.0" encoding="utf-8"?>
<Project ToolsVersion="4.0" xmlns="http://schemas.microsoft.com/developer/msbuild/2003">
  <ItemGroup>
    <Filter Include="Source Files">
      <UniqueIdentifier>{4FC737F1-C7A5-4376-A066-2A32D752A2FF}</UniqueIdentifier>
      <Extensions>cpp;c;cc;cxx;def;odl;idl;hpj;bat;asm;asmx</Extensions>
    </Filter>
    <Filter Include="Header Files">
      <UniqueIdentifier>{93995380-89BD-4b04-88EB-625FBE52EBFB}</UniqueIdentifier>
      <Extensions>h;hh;hpp;hxx;hm;inl;inc;xsd</Extensions>
    </Filter>
    <Filter Include="Resource Files">
      <UniqueIdentifier>{67DA6AB6-F800-4c08-8B7A-83BB121AAD01}</UniqueIdentifier>
      <Extensions>rc;ico;cur;bmp;dlg;rc2;rct;bin;rgs;gif;jpg;jpeg;jpe;resx;tiff;tif;png;wav;mfcribbon-ms</Extensions>
    </Filter>
    <Filter Include="Header Files\Services">
      <UniqueIdentifier>{48fcf2b8-7bc0-4eb7-b5d8-c527e7b1b3a1}</UniqueIdentifier>
    </Filter>
    <Filter Include="Header Files\Services\PlugNode">
      <UniqueIdentifier>{6d20258c-f083-4236-be82-a82cd203c982}</UniqueIdentifier>
    </Filter>
    <Filter Include="Source Files\Services">
      <UniqueIdentifier>{97977872-9050-4c5d-b32f-4332551eaad2}</UniqueIdentifier>
    </Filter>
    <Filter Include="Source Files\Services\PlugNode">
      <UniqueIdentifier>{c288c522-ee70-475b-8c4c-7a2df096d498}</UniqueIdentifier>
    </Filter>
    <Filter Include="Header Files\FTLight">
      <UniqueIdentifier>{92abb150-8192-45b8-8fd2-6d511b60e0e3}</UniqueIdentifier>
    </Filter>
    <Filter Include="Source Files\FTLight">
      <UniqueIdentifier>{01119fd1-732b-4acb-89b9-64e35178a32e}</UniqueIdentifier>
    </Filter>
    <Filter Include="Header Files\Services\Basic">
      <UniqueIdentifier>{0363d6ad-a936-4ffa-b4bd-984190e37808}</UniqueIdentifier>
    </Filter>
    <Filter Include="Source Files\Services\Basic">
      <UniqueIdentifier>{0e4cf823-517e-4405-acb0-ef1ea6df6a68}</UniqueIdentifier>
    </Filter>
    <Filter Include="Source Files\Services\Drawing">
      <UniqueIdentifier>{51c3defd-3d66-400b-b49c-ccc33db7405b}</UniqueIdentifier>
    </Filter>
    <Filter Include="Header Files\Services\Drawing">
      <UniqueIdentifier>{e0d4c656-efb8-4b6c-ae4c-df70701e97cb}</UniqueIdentifier>
    </Filter>
  </ItemGroup>
  <ItemGroup>
    <ClCompile Include="..\..\..\..\FTLight\CmRepositoryFTL.cpp">
      <Filter>Source Files\FTLight</Filter>
    </ClCompile>
    <ClCompile Include="..\..\..\..\FTLight\CmStringFTL.cpp">
      <Filter>Source Files\FTLight</Filter>
    </ClCompile>
    <ClCompile Include="..\..\..\..\Services\Basic\CmException.cpp">
      <Filter>Source Files\Services\Basic</Filter>
    </ClCompile>
    <ClCompile Include="..\..\..\..\Services\Basic\CmString.cpp">
      <Filter>Source Files\Services\Basic</Filter>
    </ClCompile>
    <ClCompile Include="..\..\..\..\Services\Basic\CmTime.cpp">
      <Filter>Source Files\Services\Basic</Filter>
    </ClCompile>
    <ClCompile Include="..\..\..\..\Services\Basic\CmTypes.cpp">
      <Filter>Source Files\Services\Basic</Filter>
    </ClCompile>
    <ClCompile Include="..\..\..\..\Services\PlugNode\CmCommunication.cpp">
      <Filter>Source Files\Services\PlugNode</Filter>
    </ClCompile>
    <ClCompile Include="..\..\..\..\Services\PlugNode\CmPlugNode.cpp">
      <Filter>Source Files\Services\PlugNode</Filter>
    </ClCompile>
    <ClCompile Include="..\..\..\..\Services\PlugNode\CmServiceAccess.cpp">
      <Filter>Source Files\Services\PlugNode</Filter>
    </ClCompile>
    <ClCompile Include="..\..\..\..\Services\PlugNode\CmServiceConnection.cpp">
      <Filter>Source Files\Services\PlugNode</Filter>
    </ClCompile>
    <ClCompile Include="..\..\..\..\Services\PlugNode\CmStream.cpp">
      <Filter>Source Files\Services\PlugNode</Filter>
    </ClCompile>
    <ClCompile Include="..\..\..\..\Services\PlugNode\CmGateway.cpp">
      <Filter>Source Files\Services\PlugNode</Filter>
    </ClCompile>
    <ClCompile Include="..\..\..\..\Services\PlugNode\CmGatewayLAN.cpp">
      <Filter>Source Files\Services\PlugNode</Filter>
    </ClCompile>
    <ClCompile Include="..\..\..\..\FTLight\CmFileFTL.cpp">
      <Filter>Source Files\FTLight</Filter>
    </ClCompile>
    <ClCompile Include="InfoNet.cpp">
      <Filter>Source Files</Filter>
    </ClCompile>
    <ClCompile Include="InfoNetUI.cpp">
      <Filter>Source Files</Filter>
    </ClCompile>
    <ClCompile Include="..\..\..\..\Services\Drawing\CmFocus.cpp">
      <Filter>Source Files\Services\Drawing</Filter>
    </ClCompile>
    <ClCompile Include="..\..\..\..\Services\Drawing\CmChart.cpp">
      <Filter>Source Files\Services\Drawing</Filter>
    </ClCompile>
  </ItemGroup>
  <ItemGroup>
    <ClInclude Include="..\..\..\..\FTLight\CmRepositoryFTL.h">
      <Filter>Header Files\FTLight</Filter>
    </ClInclude>
    <ClInclude Include="..\..\..\..\FTLight\CmStringFTL.h">
      <Filter>Header Files\FTLight</Filter>
    </ClInclude>
    <ClInclude Include="..\..\..\..\Services\Basic\CmEvent.h">
      <Filter>Header Files\Services\Basic</Filter>
    </ClInclude>
    <ClInclude Include="..\..\..\..\Services\Basic\CmException.h">
      <Filter>Header Files\Services\Basic</Filter>
    </ClInclude>
    <ClInclude Include="..\..\..\..\Services\Basic\CmReturn.h">
      <Filter>Header Files\Services\Basic</Filter>
    </ClInclude>
    <ClInclude Include="..\..\..\..\Services\Basic\CmString.h">
      <Filter>Header Files\Services\Basic</Filter>
    </ClInclude>
    <ClInclude Include="..\..\..\..\Services\Basic\CmTime.h">
      <Filter>Header Files\Services\Basic</Filter>
    </ClInclude>
    <ClInclude Include="..\..\..\..\Services\Basic\CmTypes.h">
      <Filter>Header Files\Services\Basic</Filter>
    </ClInclude>
    <ClInclude Include="..\..\..\..\Services\PlugNode\CmCommunication.h">
      <Filter>Header Files\Services\PlugNode</Filter>
    </ClInclude>
    <ClInclude Include="..\..\..\..\Services\PlugNode\CmPlugNode.h">
      <Filter>Header Files\Services\PlugNode</Filter>
    </ClInclude>
    <ClInclude Include="..\..\..\..\Services\PlugNode\CmServiceAccess.h">
      <Filter>Header Files\Services\PlugNode</Filter>
    </ClInclude>
    <ClInclude Include="..\..\..\..\Services\PlugNode\CmServiceConnection.h">
      <Filter>Header Files\Services\PlugNode</Filter>
    </ClInclude>
    <ClInclude Include="..\..\..\..\Services\PlugNode\CmStream.h">
      <Filter>Header Files\Services\PlugNode</Filter>
    </ClInclude>
    <ClInclude Include="..\..\..\..\Services\PlugNode\CmGateway.h">
      <Filter>Header Files\Services\PlugNode</Filter>
    </ClInclude>
    <ClInclude Include="..\..\..\..\Services\PlugNode\CmGatewayLAN.h">
      <Filter>Header Files\Services\PlugNode</Filter>
    </ClInclude>
    <ClInclude Include="..\..\..\..\FTLight\CmFileFTL.h">
      <Filter>Header Files\FTLight</Filter>
    </ClInclude>
    <ClInclude Include="InfoNet.h">
      <Filter>Header Files</Filter>
    </ClInclude>
    <ClInclude Include="InfoNetUI.h">
      <Filter>Header Files</Filter>
    </ClInclude>
    <ClInclude Include="..\..\..\..\Services\Drawing\CmFocus.h">
      <Filter>Header Files\Services\Drawing</Filter>
    </ClInclude>
    <ClInclude Include="..\..\..\..\Services\Drawing\CmChart.h">
      <Filter>Header Files\Services\Drawing</Filter>
    </ClInclude>
    <ClInclude Include="..\..\..\..\Services\Drawing\CmDrawing.h">
      <Filter>Header Files\Services\Drawing</Filter>
    </ClInclude>
  </ItemGroup>
  <ItemGroup>
    <EmbeddedResource Include="InfoNetUI.resx">
      <Filter>Resource Files</Filter>
    </EmbeddedResource>
  </ItemGroup>
</Project>